lockfileVersion: '9.0'

settings:
  autoInstallPeers: true
  excludeLinksFromLockfile: false

importers:

  .:
    dependencies:
      '@cards/shared':
        specifier: workspace:*
        version: link:../shared
      server:
        specifier: workspace:*
        version: link:../server
    devDependencies:
      vite-plugin-compression2:
        specifier: ^2.5.3
        version: 2.5.3

packages:

  '@rollup/pluginutils@5.3.0':
    resolution: {integrity: sha512-5EdhGZtnu3V88ces7s53hhfK5KSASnJZv8Lulpc04cWO3REESroJXg73DFsOmgbU2BhwV0E20bu2IDZb3VKW4Q==}
    engines: {node: '>=14.0.0'}
    peerDependencies:
      rollup: ^1.20.0||^2.0.0||^3.0.0||^4.0.0
    peerDependenciesMeta:
      rollup:
        optional: true

  '@types/estree@1.0.8':
    resolution: {integrity: sha512-dWHzHa2WqEXI/O1E9OjrocMTKJl2mSrEolh1Iomrv6U+JuNwaHXsXx9bLu5gG7BUWFIN0skIQJQ/L1rIex4X6w==}

  estree-walker@2.0.2:
    resolution: {integrity: sha512-Rfkk/Mp/DL7JVje3u18FxFujQlTNR2q6QfMSMB7AvCBx91NGj/ba3kCfza0f6dVDbw7YlRf/nDrn7pQrCCyQ/w==}

  picomatch@4.0.4:
    resolution: {integrity: sha512-QP88BAKvMam/3NxH6vj2o21R6MjxZUAd6nlwAS/pnGvN9IVLocLHxGYIzFhg6fUQ+5th6P4dv4eW9jX3DSIj7A==}
    engines: {node: '>=12'}

  tar-mini@0.2.0:
    resolution: {integrity: sha512-+qfUHz700DWnRutdUsxRRVZ38G1Qr27OetwaMYTdg8hcPxf46U0S1Zf76dQMWRBmusOt2ZCK5kbIaiLkoGO7WQ==}

  vite-plugin-compression2@2.5.3:
    resolution: {integrity: sha512-ItPgqQWkcnBbVw7is9OKwiZ8v6+ju9rYROl5Lp6QfQDEx/d55AwJQb/KLpsQqsU9HoigYBsZ8tK6I02UwJNvEw==}

snapshots:

  '@rollup/pluginutils@5.3.0':
    dependencies:
      '@types/estree': 1.0.8
      estree-walker: 2.0.2
      picomatch: 4.0.4

  '@types/estree@1.0.8': {}

  estree-walker@2.0.2: {}

  picomatch@4.0.4: {}

  tar-mini@0.2.0: {}

  vite-plugin-compression2@2.5.3:
    dependencies:
      '@rollup/pluginutils': 5.3.0
      tar-mini: 0.2.0
    transitivePeerDependencies:
      - rollup
